Microsoft Visual Studio Solution File, Format Version 12.00
# Visual Studio 15
VisualStudioVersion = 15.0.26430.14
MinimumVisualStudioVersion = 10.0.40219.1
Project("{FAE04EC0-301F-11D3-BF4B-00C04F79EFBC}") = "Sandbox.ShoppingCart", "Sandbox.ShoppingCart\Sandbox.ShoppingCart.csproj", "{ACA6F494-0CAF-465C-A971-8637D9FA3A75}"
EndProject
Global
	GlobalSection(SolutionConfigurationPlatforms) = preSolution
		Debug|Any CPU = Debug|Any CPU
		Release|Any CPU = Release|Any CPU
	EndGlobalSection
	GlobalSection(ProjectConfigurationPlatforms) = postSolution
		{ACA6F494-0CAF-465C-A971-8637D9FA3A75}.Debug|Any CPU.ActiveCfg = Debug|Any CPU
		{ACA6F494-0CAF-465C-A971-8637D9FA3A75}.Debug|Any CPU.Build.0 = Debug|Any CPU
		{ACA6F494-0CAF-465C-A971-8637D9FA3A75}.Release|Any CPU.ActiveCfg = Release|Any CPU
		{ACA6F494-0CAF-465C-A971-8637D9FA3A75}.Release|Any CPU.Build.0 = Release|Any CPU
	EndGlobalSection
	GlobalSection(SolutionProperties) = preSolution
		HideSolutionNode = FALSE
	EndGlobalSection
	GlobalSection(ExtensibilityGlobals) = postSolution
		SolutionGuid = {496F9D8D-88CB-424F-879A-DAAA1A3C88F9}
	EndGlobalSection
EndGlobal
